// !$*UTF8*$!
{
	archiveVersion = 1;
	classes = {
	};
	objectVersion = 56;
	objects = {

/* Begin PBXBuildFile section */
		417B37852B3E3BD9008C88BD /* HowToControlPriorityOfTasks.swift in Sources */ = {isa = PBXBuildFile; fileRef = 417B37842B3E3BD9008C88BD /* HowToControlPriorityOfTasks.swift */; };
		417B37872B3E40C7008C88BD /* HowToCreateTaskGroupAddTasksToIt.swift in Sources */ = {isa = PBXBuildFile; fileRef = 417B37862B3E40C7008C88BD /* HowToCreateTaskGroupAddTasksToIt.swift */; };
		417B37892B3F8165008C88BD /* HowToCancelGroupTask.swift in Sources */ = {isa = PBXBuildFile; fileRef = 417B37882B3F8165008C88BD /* HowToCancelGroupTask.swift */; };
		41BE663A2B3E166900211C35 /* TasksAndGroupsApp.swift in Sources */ = {isa = PBXBuildFile; fileRef = 41BE66392B3E166900211C35 /* TasksAndGroupsApp.swift */; };
		41BE663C2B3E166900211C35 /* ContentView.swift in Sources */ = {isa = PBXBuildFile; fileRef = 41BE663B2B3E166900211C35 /* ContentView.swift */; };
		41BE663E2B3E166A00211C35 /* Assets.xcassets in Resources */ = {isa = PBXBuildFile; fileRef = 41BE663D2B3E166A00211C35 /* Assets.xcassets */; };
		41BE66412B3E166A00211C35 /* Preview Assets.xcassets in Resources */ = {isa = PBXBuildFile; fileRef = 41BE66402B3E166A00211C35 /* Preview Assets.xcassets */; };
		41BE66482B3E25CF00211C35 /* HowToCreateRunTask.swift in Sources */ = {isa = PBXBuildFile; fileRef = 41BE66472B3E25CF00211C35 /* HowToCreateRunTask.swift */; };
		41BE664A2B3E351D00211C35 /* DifferenceBetweenTaskandDetachedTask.swift in Sources */ = {isa = PBXBuildFile; fileRef = 41BE66492B3E351D00211C35 /* DifferenceBetweenTaskandDetachedTask.swift */; };
		41BE664C2B3E38EF00211C35 /* HowToGetResultFromTask.swift in Sources */ = {isa = PBXBuildFile; fileRef = 41BE664B2B3E38EF00211C35 /* HowToGetResultFromTask.swift */; };
/* End PBXBuildFile section */

/* Begin PBXFileReference section */
		417B37842B3E3BD9008C88BD /* HowToControlPriorityOfTasks.swift */ = {isa = PBXFileReference; lastKnownFileType = sourcecode.swift; path = HowToControlPriorityOfTasks.swift; sourceTree = "<group>"; };
		417B37862B3E40C7008C88BD /* HowToCreateTaskGroupAddTasksToIt.swift */ = {isa = PBXFileReference; lastKnownFileType = sourcecode.swift; path = HowToCreateTaskGroupAddTasksToIt.swift; sourceTree = "<group>"; };
		417B37882B3F8165008C88BD /* HowToCancelGroupTask.swift */ = {isa = PBXFileReference; lastKnownFileType = sourcecode.swift; path = HowToCancelGroupTask.swift; sourceTree = "<group>"; };
		41BE66362B3E166900211C35 /* TasksAndGroups.app */ = {isa = PBXFileReference; explicitFileType = wrapper.application; includeInIndex = 0; path = TasksAndGroups.app; sourceTree = BUILT_PRODUCTS_DIR; };
		41BE66392B3E166900211C35 /* TasksAndGroupsApp.swift */ = {isa = PBXFileReference; lastKnownFileType = sourcecode.swift; path = TasksAndGroupsApp.swift; sourceTree = "<group>"; };
		41BE663B2B3E166900211C35 /* ContentView.swift */ = {isa = PBXFileReference; lastKnownFileType = sourcecode.swift; path = ContentView.swift; sourceTree = "<group>"; };
		41BE663D2B3E166A00211C35 /* Assets.xcassets */ = {isa = PBXFileReference; lastKnownFileType = folder.assetcatalog; path = Assets.xcassets; sourceTree = "<group>"; };
		41BE66402B3E166A00211C35 /* Preview Assets.xcassets */ = {isa = PBXFileReference; lastKnownFileType = folder.assetcatalog; path = "Preview Assets.xcassets"; sourceTree = "<group>"; };
		41BE66472B3E25CF00211C35 /* HowToCreateRunTask.swift */ = {isa = PBXFileReference; lastKnownFileType = sourcecode.swift; path = HowToCreateRunTask.swift; sourceTree = "<group>"; };
		41BE66492B3E351D00211C35 /* DifferenceBetweenTaskandDetachedTask.swift */ = {isa = PBXFileReference; lastKnownFileType = sourcecode.swift; path = DifferenceBetweenTaskandDetachedTask.swift; sourceTree = "<group>"; };
		41BE664B2B3E38EF00211C35 /* HowToGetResultFromTask.swift */ = {isa = PBXFileReference; lastKnownFileType = sourcecode.swift; path = HowToGetResultFromTask.swift; sourceTree = "<group>"; };
/* End PBXFileReference section */

/* Begin PBXFrameworksBuildPhase section */
		41BE66332B3E166900211C35 /* Frameworks */ = {
			isa = PBXFrameworksBuildPhase;
			buildActionMask = 2147483647;
			files = (
			);
			runOnlyForDeploymentPostprocessing = 0;
		};
/* End PBXFrameworksBuildPhase section */

/* Begin PBXGroup section */
		41BE662D2B3E166900211C35 = {
			isa = PBXGroup;
			children = (
				41BE66382B3E166900211C35 /* TasksAndGroups */,
				41BE66372B3E166900211C35 /* Products */,
			);
			sourceTree = "<group>";
		};
		41BE66372B3E166900211C35 /* Products */ = {
			isa = PBXGroup;
			children = (
				41BE66362B3E166900211C35 /* TasksAndGroups.app */,
			);
			name = Products;
			sourceTree = "<group>";
		};
		41BE66382B3E166900211C35 /* TasksAndGroups */ = {
			isa = PBXGroup;
			children = (
				41BE66392B3E166900211C35 /* TasksAndGroupsApp.swift */,
				41BE663B2B3E166900211C35 /* ContentView.swift */,
				41BE66472B3E25CF00211C35 /* HowToCreateRunTask.swift */,
				41BE66492B3E351D00211C35 /* DifferenceBetweenTaskandDetachedTask.swift */,
				41BE664B2B3E38EF00211C35 /* HowToGetResultFromTask.swift */,
				417B37842B3E3BD9008C88BD /* HowToControlPriorityOfTasks.swift */,
				417B37862B3E40C7008C88BD /* HowToCreateTaskGroupAddTasksToIt.swift */,
				417B37882B3F8165008C88BD /* HowToCancelGroupTask.swift */,
				41BE663D2B3E166A00211C35 /* Assets.xcassets */,
				41BE663F2B3E166A00211C35 /* Preview Content */,
			);
			path = TasksAndGroups;
			sourceTree = "<group>";
		};
		41BE663F2B3E166A00211C35 /* Preview Content */ = {
			isa = PBXGroup;
			children = (
				41BE66402B3E166A00211C35 /* Preview Assets.xcassets */,
			);
			path = "Preview Content";
			sourceTree = "<group>";
		};
/* End PBXGroup section */

/* Begin PBXNativeTarget section */
		41BE66352B3E166900211C35 /* TasksAndGroups */ = {
			isa = PBXNativeTarget;
			buildConfigurationList = 41BE66442B3E166A00211C35 /* Build configuration list for PBXNativeTarget "TasksAndGroups" */;
			buildPhases = (
				41BE66322B3E166900211C35 /* Sources */,
				41BE66332B3E166900211C35 /* Frameworks */,
				41BE66342B3E166900211C35 /* Resources */,
			);
			buildRules = (
			);
			dependencies = (
			);
			name = TasksAndGroups;
			productName = TasksAndGroups;
			productReference = 41BE66362B3E166900211C35 /* TasksAndGroups.app */;
			productType = "com.apple.product-type.application";
		};
/* End PBXNativeTarget section */

/* Begin PBXProject section */
		41BE662E2B3E166900211C35 /* Project object */ = {
			isa = PBXProject;
			attributes = {
				BuildIndependentTargetsInParallel = 1;
				LastSwiftUpdateCheck = 1510;
				LastUpgradeCheck = 1510;
				TargetAttributes = {
					41BE66352B3E166900211C35 = {
						CreatedOnToolsVersion = 15.1;
					};
				};
			};
			buildConfigurationList = 41BE66312B3E166900211C35 /* Build configuration list for PBXProject "TasksAndGroups" */;
			compatibilityVersion = "Xcode 14.0";
			developmentRegion = en;
			hasScannedForEncodings = 0;
			knownRegions = (
				en,
				Base,
			);
			mainGroup = 41BE662D2B3E166900211C35;
			productRefGroup = 41BE66372B3E166900211C35 /* Products */;
			projectDirPath = "";
			projectRoot = "";
			targets = (
				41BE66352B3E166900211C35 /* TasksAndGroups */,
			);
		};
/* End PBXProject section */

/* Begin PBXResourcesBuildPhase section */
		41BE66342B3E166900211C35 /* Resources */ = {
			isa = PBXResourcesBuildPhase;
			buildActionMask = 2147483647;
			files = (
				41BE66412B3E166A00211C35 /* Preview Assets.xcassets in Resources */,
				41BE663E2B3E166A00211C35 /* Assets.xcassets in Resources */,
			);
			runOnlyForDeploymentPostprocessing = 0;
		};
/* End PBXResourcesBuildPhase section */

/* Begin PBXSourcesBuildPhase section */
		41BE66322B3E166900211C35 /* Sources */ = {
			isa = PBXSourcesBuildPhase;
			buildActionMask = 2147483647;
			files = (
				41BE66482B3E25CF00211C35 /* HowToCreateRunTask.swift in Sources */,
				41BE664A2B3E351D00211C35 /* DifferenceBetweenTaskandDetachedTask.swift in Sources */,
				41BE663C2B3E166900211C35 /* ContentView.swift in Sources */,
				41BE664C2B3E38EF00211C35 /* HowToGetResultFromTask.swift in Sources */,
				417B37892B3F8165008C88BD /* HowToCancelGroupTask.swift in Sources */,
				417B37872B3E40C7008C88BD /* HowToCreateTaskGroupAddTasksToIt.swift in Sources */,
				41BE663A2B3E166900211C35 /* TasksAndGroupsApp.swift in Sources */,
				417B37852B3E3BD9008C88BD /* HowToControlPriorityOfTasks.swift in Sources */,
			);
			runOnlyForDeploymentPostprocessing = 0;
		};
/* End PBXSourcesBuildPhase section */

/* Begin XCBuildConfiguration section */
		41BE66422B3E166A00211C35 /* Debug */ = {
			isa = XCBuildConfiguration;
			buildSettings = {
				ALWAYS_SEARCH_USER_PATHS = NO;
				ASSETCATALOG_COMPILER_GENERATE_SWIFT_ASSET_SYMBOL_EXTENSIONS = YES;
				CLANG_ANALYZER_NONNULL = YES;
				CLANG_ANALYZER_NUMBER_OBJECT_CONVERSION = YES_AGGRESSIVE;
				CLANG_CXX_LANGUAGE_STANDARD = "gnu++20";
				CLANG_ENABLE_MODULES = YES;
				CLANG_ENABLE_OBJC_ARC = YES;
				CLANG_ENABLE_OBJC_WEAK = YES;
				CLANG_WARN_BLOCK_CAPTURE_AUTORELEASING = YES;
				CLANG_WARN_BOOL_CONVERSION = YES;
				CLANG_WARN_COMMA = YES;
				CLANG_WARN_CONSTANT_CONVERSION = YES;
				CLANG_WARN_DEPRECATED_OBJC_IMPLEMENTATIONS = YES;
				CLANG_WARN_DIRECT_OBJC_ISA_USAGE = YES_ERROR;
				CLANG_WARN_DOCUMENTATION_COMMENTS = YES;
				CLANG_WARN_EMPTY_BODY = YES;
				CLANG_WARN_ENUM_CONVERSION = YES;
				CLANG_WARN_INFINITE_RECURSION = YES;
				CLANG_WARN_INT_CONVERSION = YES;
				CLANG_WARN_NON_LITERAL_NULL_CONVERSION = YES;
				CLANG_WARN_OBJC_IMPLICIT_RETAIN_SELF = YES;
				CLANG_WARN_OBJC_LITERAL_CONVERSION = YES;
				CLANG_WARN_OBJC_ROOT_CLASS = YES_ERROR;
				CLANG_WARN_QUOTED_INCLUDE_IN_FRAMEWORK_HEADER = YES;
				CLANG_WARN_RANGE_LOOP_ANALYSIS = YES;
				CLANG_WARN_STRICT_PROTOTYPES = YES;
				CLANG_WARN_SUSPICIOUS_MOVE = YES;
				CLANG_WARN_UNGUARDED_AVAILABILITY = YES_AGGRESSIVE;
				CLANG_WARN_UNREACHABLE_CODE = YES;
				CLANG_WARN__DUPLICATE_METHOD_MATCH = YES;
				COPY_PHASE_STRIP = NO;
				DEBUG_INFORMATION_FORMAT = dwarf;
				ENABLE_STRICT_OBJC_MSGSEND = YES;
				ENABLE_TESTABILITY = YES;
				ENABLE_USER_SCRIPT_SANDBOXING = YES;
				GCC_C_LANGUAGE_STANDARD = gnu17;
				GCC_DYNAMIC_NO_PIC = NO;
				GCC_NO_COMMON_BLOCKS = YES;
				GCC_OPTIMIZATION_LEVEL = 0;
				GCC_PREPROCESSOR_DEFINITIONS = (
					"DEBUG=1",
					"$(inherited)",
				);
				GCC_WARN_64_TO_32_BIT_CONVERSION = YES;
				GCC_WARN_ABOUT_RETURN_TYPE = YES_ERROR;
				GCC_WARN_UNDECLARED_SELECTOR = YES;
				GCC_WARN_UNINITIALIZED_AUTOS = YES_AGGRESSIVE;
				GCC_WARN_UNUSED_FUNCTION = YES;
				GCC_WARN_UNUSED_VARIABLE = YES;
				IPHONEOS_DEPLOYMENT_TARGET = 17.2;
				LOCALIZATION_PREFERS_STRING_CATALOGS = YES;
				MTL_ENABLE_DEBUG_INFO = INCLUDE_SOURCE;
				MTL_FAST_MATH = YES;
				ONLY_ACTIVE_ARCH = YES;
				SDKROOT = iphoneos;
				SWIFT_ACTIVE_COMPILATION_CONDITIONS = "DEBUG $(inherited)";
				SWIFT_OPTIMIZATION_LEVEL = "-Onone";
			};
			name = Debug;
		};
		41BE66432B3E166A00211C35 /* Release */ = {
			isa = XCBuildConfiguration;
			buildSettings = {
				ALWAYS_SEARCH_USER_PATHS = NO;
				ASSETCATALOG_COMPILER_GENERATE_SWIFT_ASSET_SYMBOL_EXTENSIONS = YES;
				CLANG_ANALYZER_NONNULL = YES;
				CLANG_ANALYZER_NUMBER_OBJECT_CONVERSION = YES_AGGRESSIVE;
				CLANG_CXX_LANGUAGE_STANDARD = "gnu++20";
				CLANG_ENABLE_MODULES = YES;
				CLANG_ENABLE_OBJC_ARC = YES;
				CLANG_ENABLE_OBJC_WEAK = YES;
				CLANG_WARN_BLOCK_CAPTURE_AUTORELEASING = YES;
				CLANG_WARN_BOOL_CONVERSION = YES;
				CLANG_WARN_COMMA = YES;
				CLANG_WARN_CONSTANT_CONVERSION = YES;
				CLANG_WARN_DEPRECATED_OBJC_IMPLEMENTATIONS = YES;
				CLANG_WARN_DIRECT_OBJC_ISA_USAGE = YES_ERROR;
				CLANG_WARN_DOCUMENTATION_COMMENTS = YES;
				CLANG_WARN_EMPTY_BODY = YES;
				CLANG_WARN_ENUM_CONVERSION = YES;
				CLANG_WARN_INFINITE_RECURSION = YES;
				CLANG_WARN_INT_CONVERSION = YES;
				CLANG_WARN_NON_LITERAL_NULL_CONVERSION = YES;
				CLANG_WARN_OBJC_IMPLICIT_RETAIN_SELF = YES;
				CLANG_WARN_OBJC_LITERAL_CONVERSION = YES;
				CLANG_WARN_OBJC_ROOT_CLASS = YES_ERROR;
				CLANG_WARN_QUOTED_INCLUDE_IN_FRAMEWORK_HEADER = YES;
				CLANG_WARN_RANGE_LOOP_ANALYSIS = YES;
				CLANG_WARN_STRICT_PROTOTYPES = YES;
				CLANG_WARN_SUSPICIOUS_MOVE = YES;
				CLANG_WARN_UNGUARDED_AVAILABILITY = YES_AGGRESSIVE;
				CLANG_WARN_UNREACHABLE_CODE = YES;
				CLANG_WARN__DUPLICATE_METHOD_MATCH = YES;
				COPY_PHASE_STRIP = NO;
				DEBUG_INFORMATION_FORMAT = "dwarf-with-dsym";
				ENABLE_NS_ASSERTIONS = NO;
				ENABLE_STRICT_OBJC_MSGSEND = YES;
				ENABLE_USER_SCRIPT_SANDBOXING = YES;
				GCC_C_LANGUAGE_STANDARD = gnu17;
				GCC_NO_COMMON_BLOCKS = YES;
				GCC_WARN_64_TO_32_BIT_CONVERSION = YES;
				GCC_WARN_ABOUT_RETURN_TYPE = YES_ERROR;
				GCC_WARN_UNDECLARED_SELECTOR = YES;
				GCC_WARN_UNINITIALIZED_AUTOS = YES_AGGRESSIVE;
				GCC_WARN_UNUSED_FUNCTION = YES;
				GCC_WARN_UNUSED_VARIABLE = YES;
				IPHONEOS_DEPLOYMENT_TARGET = 17.2;
				LOCALIZATION_PREFERS_STRING_CATALOGS = YES;
				MTL_ENABLE_DEBUG_INFO = NO;
				MTL_FAST_MATH = YES;
				SDKROOT = iphoneos;
				SWIFT_COMPILATION_MODE = wholemodule;
				VALIDATE_PRODUCT = YES;
			};
			name = Release;
		};
		41BE66452B3E166A00211C35 /* Debug */ = {
			isa = XCBuildConfiguration;
			buildSettings = {
				ASSETCATALOG_COMPILER_APPICON_NAME = AppIcon;
				ASSETCATALOG_COMPILER_GLOBAL_ACCENT_COLOR_NAME = AccentColor;
				CODE_SIGN_STYLE = Automatic;
				CURRENT_PROJECT_VERSION = 1;
				DEVELOPMENT_ASSET_PATHS = "\"TasksAndGroups/Preview Content\"";
				DEVELOPMENT_TEAM = CWCBRR328H;
				ENABLE_PREVIEWS = YES;
				GENERATE_INFOPLIST_FILE = YES;
				INFOPLIST_KEY_UIApplicationSceneManifest_Generation = YES;
				INFOPLIST_KEY_UIApplicationSupportsIndirectInputEvents = YES;
				INFOPLIST_KEY_UILaunchScreen_Generation = YES;
				INFOPLIST_KEY_UISupportedInterfaceOrientations_iPad = "UIInterfaceOrientationPortrait UIInterfaceOrientationPortraitUpsideDown UIInterfaceOrientationLandscapeLeft UIInterfaceOrientationLandscapeRight";
				INFOPLIST_KEY_UISupportedInterfaceOrientations_iPhone = "UIInterfaceOrientationPortrait UIInterfaceOrientationLandscapeLeft UIInterfaceOrientationLandscapeRight";
				LD_RUNPATH_SEARCH_PATHS = (
					"$(inherited)",
					"@executable_path/Frameworks",
				);
				MARKETING_VERSION = 1.0;
				PRODUCT_BUNDLE_IDENTIFIER = BJ914.TasksAndGroups;
				PRODUCT_NAME = "$(TARGET_NAME)";
				SWIFT_EMIT_LOC_STRINGS = YES;
				SWIFT_VERSION = 5.0;
				TARGETED_DEVICE_FAMILY = "1,2";
			};
			name = Debug;
		};
		41BE66462B3E166A00211C35 /* Release */ = {
			isa = XCBuildConfiguration;
			buildSettings = {
				ASSETCATALOG_COMPILER_APPICON_NAME = AppIcon;
				ASSETCATALOG_COMPILER_GLOBAL_ACCENT_COLOR_NAME = AccentColor;
				CODE_SIGN_STYLE = Automatic;
				CURRENT_PROJECT_VERSION = 1;
				DEVELOPMENT_ASSET_PATHS = "\"TasksAndGroups/Preview Content\"";
				DEVELOPMENT_TEAM = CWCBRR328H;
				ENABLE_PREVIEWS = YES;
				GENERATE_INFOPLIST_FILE = YES;
				INFOPLIST_KEY_UIApplicationSceneManifest_Generation = YES;
				INFOPLIST_KEY_UIApplicationSupportsIndirectInputEvents = YES;
				INFOPLIST_KEY_UILaunchScreen_Generation = YES;
				INFOPLIST_KEY_UISupportedInterfaceOrientations_iPad = "UIInterfaceOrientationPortrait UIInterfaceOrientationPortraitUpsideDown UIInterfaceOrientationLandscapeLeft UIInterfaceOrientationLandscapeRight";
				INFOPLIST_KEY_UISupportedInterfaceOrientations_iPhone = "UIInterfaceOrientationPortrait UIInterfaceOrientationLandscapeLeft UIInterfaceOrientationLandscapeRight";
				LD_RUNPATH_SEARCH_PATHS = (
					"$(inherited)",
					"@executable_path/Frameworks",
				);
				MARKETING_VERSION = 1.0;
				PRODUCT_BUNDLE_IDENTIFIER = BJ914.TasksAndGroups;
				PRODUCT_NAME = "$(TARGET_NAME)";
				SWIFT_EMIT_LOC_STRINGS = YES;
				SWIFT_VERSION = 5.0;
				TARGETED_DEVICE_FAMILY = "1,2";
			};
			name = Release;
		};
/* End XCBuildConfiguration section */

/* Begin XCConfigurationList section */
		41BE66312B3E166900211C35 /* Build configuration list for PBXProject "TasksAndGroups" */ = {
			isa = XCConfigurationList;
			buildConfigurations = (
				41BE66422B3E166A00211C35 /* Debug */,
				41BE66432B3E166A00211C35 /* Release */,
			);
			defaultConfigurationIsVisible = 0;
			defaultConfigurationName = Release;
		};
		41BE66442B3E166A00211C35 /* Build configuration list for PBXNativeTarget "TasksAndGroups" */ = {
			isa = XCConfigurationList;
			buildConfigurations = (
				41BE66452B3E166A00211C35 /* Debug */,
				41BE66462B3E166A00211C35 /* Release */,
			);
			defaultConfigurationIsVisible = 0;
			defaultConfigurationName = Release;
		};
/* End XCConfigurationList section */
	};
	rootObject = 41BE662E2B3E166900211C35 /* Project object */;
}
